// !$*UTF8*$!
{
	archiveVersion = 1;
	classes = {
	};
	objectVersion = 50;
	objects = {

/* Begin PBXBuildFile section */
		CD072265250A88A800E9B6ED /* AppDelegate.swift in Sources */ = {isa = PBXBuildFile; fileRef = CD072264250A88A800E9B6ED /* AppDelegate.swift */; };
		CD072267250A88A800E9B6ED /* SceneDelegate.swift in Sources */ = {isa = PBXBuildFile; fileRef = CD072266250A88A800E9B6ED /* SceneDelegate.swift */; };
		CD072269250A88A800E9B6ED /* ViewController.swift in Sources */ = {isa = PBXBuildFile; fileRef = CD072268250A88A800E9B6ED /* ViewController.swift */; };
		CD07226C250A88A800E9B6ED /* Main.storyboard in Resources */ = {isa = PBXBuildFile; fileRef = CD07226A250A88A800E9B6ED /* Main.storyboard */; };
		CD07226E250A88AD00E9B6ED /* Assets.xcassets in Resources */ = {isa = PBXBuildFile; fileRef = CD07226D250A88AD00E9B6ED /* Assets.xcassets */; };
		CD072271250A88AD00E9B6ED /* LaunchScreen.storyboard in Resources */ = {isa = PBXBuildFile; fileRef = CD07226F250A88AD00E9B6ED /* LaunchScreen.storyboard */; };
		CD07227B250A8CD200E9B6ED /* TableViewCell.swift in Sources */ = {isa = PBXBuildFile; fileRef = CD07227A250A8CD200E9B6ED /* TableViewCell.swift */; };
		CD07227D250A91F300E9B6ED /* Articulo.swift in Sources */ = {isa = PBXBuildFile; fileRef = CD07227C250A91F300E9B6ED /* Articulo.swift */; };
/* End PBXBuildFile section */

/* Begin PBXFileReference section */
		CD072261250A88A700E9B6ED /* ejemploMVC.app */ = {isa = PBXFileReference; explicitFileType = wrapper.application; includeInIndex = 0; path = ejemploMVC.app; sourceTree = BUILT_PRODUCTS_DIR; };
		CD072264250A88A800E9B6ED /* AppDelegate.swift */ = {isa = PBXFileReference; lastKnownFileType = sourcecode.swift; path = AppDelegate.swift; sourceTree = "<group>"; };
		CD072266250A88A800E9B6ED /* SceneDelegate.swift */ = {isa = PBXFileReference; lastKnownFileType = sourcecode.swift; path = SceneDelegate.swift; sourceTree = "<group>"; };
		CD072268250A88A800E9B6ED /* ViewController.swift */ = {isa = PBXFileReference; lastKnownFileType = sourcecode.swift; path = ViewController.swift; sourceTree = "<group>"; };
		CD07226B250A88A800E9B6ED /* Base */ = {isa = PBXFileReference; lastKnownFileType = file.storyboard; name = Base; path = Base.lproj/Main.storyboard; sourceTree = "<group>"; };
		CD07226D250A88AD00E9B6ED /* Assets.xcassets */ = {isa = PBXFileReference; lastKnownFileType = folder.assetcatalog; path = Assets.xcassets; sourceTree = "<group>"; };
		CD072270250A88AD00E9B6ED /* Base */ = {isa = PBXFileReference; lastKnownFileType = file.storyboard; name = Base; path = Base.lproj/LaunchScreen.storyboard; sourceTree = "<group>"; };
		CD072272250A88AD00E9B6ED /* Info.plist */ = {isa = PBXFileReference; lastKnownFileType = text.plist.xml; path = Info.plist; sourceTree = "<group>"; };
		CD07227A250A8CD200E9B6ED /* TableViewCell.swift */ = {isa = PBXFileReference; lastKnownFileType = sourcecode.swift; path = TableViewCell.swift; sourceTree = "<group>"; };
		CD07227C250A91F300E9B6ED /* Articulo.swift */ = {isa = PBXFileReference; lastKnownFileType = sourcecode.swift; path = Articulo.swift; sourceTree = "<group>"; };
/* End PBXFileReference section */

/* Begin PBXFrameworksBuildPhase section */
		CD07225E250A88A700E9B6ED /* Frameworks */ = {
			isa = PBXFrameworksBuildPhase;
			buildActionMask = 2147483647;
			files = (
			);
			runOnlyForDeploymentPostprocessing = 0;
		};
/* End PBXFrameworksBuildPhase section */

/* Begin PBXGroup section */
		CD072258250A88A700E9B6ED = {
			isa = PBXGroup;
			children = (
				CD072263250A88A800E9B6ED /* ejemploMVC */,
				CD072262250A88A700E9B6ED /* Products */,
			);
			sourceTree = "<group>";
		};
		CD072262250A88A700E9B6ED /* Products */ = {
			isa = PBXGroup;
			children = (
				CD072261250A88A700E9B6ED /* ejemploMVC.app */,
			);
			name = Products;
			sourceTree = "<group>";
		};
		CD072263250A88A800E9B6ED /* ejemploMVC */ = {
			isa = PBXGroup;
			children = (
				CD072264250A88A800E9B6ED /* AppDelegate.swift */,
				CD072266250A88A800E9B6ED /* SceneDelegate.swift */,
				CD072268250A88A800E9B6ED /* ViewController.swift */,
				CD07227C250A91F300E9B6ED /* Articulo.swift */,
				CD07226A250A88A800E9B6ED /* Main.storyboard */,
				CD07227A250A8CD200E9B6ED /* TableViewCell.swift */,
				CD07226D250A88AD00E9B6ED /* Assets.xcassets */,
				CD07226F250A88AD00E9B6ED /* LaunchScreen.storyboard */,
				CD072272250A88AD00E9B6ED /* Info.plist */,
			);
			path = ejemploMVC;
			sourceTree = "<group>";
		};
/* End PBXGroup section */

/* Begin PBXNativeTarget section */
		CD072260250A88A700E9B6ED /* ejemploMVC */ = {
			isa = PBXNativeTarget;
			buildConfigurationList = CD072275250A88AD00E9B6ED /* Build configuration list for PBXNativeTarget "ejemploMVC" */;
			buildPhases = (
				CD07225D250A88A700E9B6ED /* Sources */,
				CD07225E250A88A700E9B6ED /* Frameworks */,
				CD07225F250A88A700E9B6ED /* Resources */,
			);
			buildRules = (
			);
			dependencies = (
			);
			name = ejemploMVC;
			productName = ejemploMVC;
			productReference = CD072261250A88A700E9B6ED /* ejemploMVC.app */;
			productType = "com.apple.product-type.application";
		};
/* End PBXNativeTarget section */

/* Begin PBXProject section */
		CD072259250A88A700E9B6ED /* Project object */ = {
			isa = PBXProject;
			attributes = {
				LastSwiftUpdateCheck = 1170;
				LastUpgradeCheck = 1170;
				ORGANIZATIONNAME = "Salvador Lopez";
				TargetAttributes = {
					CD072260250A88A700E9B6ED = {
						CreatedOnToolsVersion = 11.7;
					};
				};
			};
			buildConfigurationList = CD07225C250A88A700E9B6ED /* Build configuration list for PBXProject "ejemploMVC" */;
			compatibilityVersion = "Xcode 9.3";
			developmentRegion = en;
			hasScannedForEncodings = 0;
			knownRegions = (
				en,
				Base,
			);
			mainGroup = CD072258250A88A700E9B6ED;
			productRefGroup = CD072262250A88A700E9B6ED /* Products */;
			projectDirPath = "";
			projectRoot = "";
			targets = (
				CD072260250A88A700E9B6ED /* ejemploMVC */,
			);
		};
/* End PBXProject section */

/* Begin PBXResourcesBuildPhase section */
		CD07225F250A88A700E9B6ED /* Resources */ = {
			isa = PBXResourcesBuildPhase;
			buildActionMask = 2147483647;
			files = (
				CD072271250A88AD00E9B6ED /* LaunchScreen.storyboard in Resources */,
				CD07226E250A88AD00E9B6ED /* Assets.xcassets in Resources */,
				CD07226C250A88A800E9B6ED /* Main.storyboard in Resources */,
			);
			runOnlyForDeploymentPostprocessing = 0;
		};
/* End PBXResourcesBuildPhase section */

/* Begin PBXSourcesBuildPhase section */
		CD07225D250A88A700E9B6ED /* Sources */ = {
			isa = PBXSourcesBuildPhase;
			buildActionMask = 2147483647;
			files = (
				CD07227D250A91F300E9B6ED /* Articulo.swift in Sources */,
				CD072269250A88A800E9B6ED /* ViewController.swift in Sources */,
				CD07227B250A8CD200E9B6ED /* TableViewCell.swift in Sources */,
				CD072265250A88A800E9B6ED /* AppDelegate.swift in Sources */,
				CD072267250A88A800E9B6ED /* SceneDelegate.swift in Sources */,
			);
			runOnlyForDeploymentPostprocessing = 0;
		};
/* End PBXSourcesBuildPhase section */

/* Begin PBXVariantGroup section */
		CD07226A250A88A800E9B6ED /* Main.storyboard */ = {
			isa = PBXVariantGroup;
			children = (
				CD07226B250A88A800E9B6ED /* Base */,
			);
			name = Main.storyboard;
			sourceTree = "<group>";
		};
		CD07226F250A88AD00E9B6ED /* LaunchScreen.storyboard */ = {
			isa = PBXVariantGroup;
			children = (
				CD072270250A88AD00E9B6ED /* Base */,
			);
			name = LaunchScreen.storyboard;
			sourceTree = "<group>";
		};
/* End PBXVariantGroup section */

/* Begin XCBuildConfiguration section */
		CD072273250A88AD00E9B6ED /* Debug */ = {
			isa = XCBuildConfiguration;
			buildSettings = {
				ALWAYS_SEARCH_USER_PATHS = NO;
				CLANG_ANALYZER_NONNULL = YES;
				CLANG_ANALYZER_NUMBER_OBJECT_CONVERSION = YES_AGGRESSIVE;
				CLANG_CXX_LANGUAGE_STANDARD = "gnu++14";
				CLANG_CXX_LIBRARY = "libc++";
				CLANG_ENABLE_MODULES = YES;
				CLANG_ENABLE_OBJC_ARC = YES;
				CLANG_ENABLE_OBJC_WEAK = YES;
				CLANG_WARN_BLOCK_CAPTURE_AUTORELEASING = YES;
				CLANG_WARN_BOOL_CONVERSION = YES;
				CLANG_WARN_COMMA = YES;
				CLANG_WARN_CONSTANT_CONVERSION = YES;
				CLANG_WARN_DEPRECATED_OBJC_IMPLEMENTATIONS = YES;
				CLANG_WARN_DIRECT_OBJC_ISA_USAGE = YES_ERROR;
				CLANG_WARN_DOCUMENTATION_COMMENTS = YES;
				CLANG_WARN_EMPTY_BODY = YES;
				CLANG_WARN_ENUM_CONVERSION = YES;
				CLANG_WARN_INFINITE_RECURSION = YES;
				CLANG_WARN_INT_CONVERSION = YES;
				CLANG_WARN_NON_LITERAL_NULL_CONVERSION = YES;
				CLANG_WARN_OBJC_IMPLICIT_RETAIN_SELF = YES;
				CLANG_WARN_OBJC_LITERAL_CONVERSION = YES;
				CLANG_WARN_OBJC_ROOT_CLASS = YES_ERROR;
				CLANG_WARN_RANGE_LOOP_ANALYSIS = YES;
				CLANG_WARN_STRICT_PROTOTYPES = YES;
				CLANG_WARN_SUSPICIOUS_MOVE = YES;
				CLANG_WARN_UNGUARDED_AVAILABILITY = YES_AGGRESSIVE;
				CLANG_WARN_UNREACHABLE_CODE = YES;
				CLANG_WARN__DUPLICATE_METHOD_MATCH = YES;
				COPY_PHASE_STRIP = NO;
				DEBUG_INFORMATION_FORMAT = dwarf;
				ENABLE_STRICT_OBJC_MSGSEND = YES;
				ENABLE_TESTABILITY = YES;
				GCC_C_LANGUAGE_STANDARD = gnu11;
				GCC_DYNAMIC_NO_PIC = NO;
				GCC_NO_COMMON_BLOCKS = YES;
				GCC_OPTIMIZATION_LEVEL = 0;
				GCC_PREPROCESSOR_DEFINITIONS = (
					"DEBUG=1",
					"$(inherited)",
				);
				GCC_WARN_64_TO_32_BIT_CONVERSION = YES;
				GCC_WARN_ABOUT_RETURN_TYPE = YES_ERROR;
				GCC_WARN_UNDECLARED_SELECTOR = YES;
				GCC_WARN_UNINITIALIZED_AUTOS = YES_AGGRESSIVE;
				GCC_WARN_UNUSED_FUNCTION = YES;
				GCC_WARN_UNUSED_VARIABLE = YES;
				IPHONEOS_DEPLOYMENT_TARGET = 13.7;
				MTL_ENABLE_DEBUG_INFO = INCLUDE_SOURCE;
				MTL_FAST_MATH = YES;
				ONLY_ACTIVE_ARCH = YES;
				SDKROOT = iphoneos;
				SWIFT_ACTIVE_COMPILATION_CONDITIONS = DEBUG;
				SWIFT_OPTIMIZATION_LEVEL = "-Onone";
			};
			name = Debug;
		};
		CD072274250A88AD00E9B6ED /* Release */ = {
			isa = XCBuildConfiguration;
			buildSettings = {
				ALWAYS_SEARCH_USER_PATHS = NO;
				CLANG_ANALYZER_NONNULL = YES;
				CLANG_ANALYZER_NUMBER_OBJECT_CONVERSION = YES_AGGRESSIVE;
				CLANG_CXX_LANGUAGE_STANDARD = "gnu++14";
				CLANG_CXX_LIBRARY = "libc++";
				CLANG_ENABLE_MODULES = YES;
				CLANG_ENABLE_OBJC_ARC = YES;
				CLANG_ENABLE_OBJC_WEAK = YES;
				CLANG_WARN_BLOCK_CAPTURE_AUTORELEASING = YES;
				CLANG_WARN_BOOL_CONVERSION = YES;
				CLANG_WARN_COMMA = YES;
				CLANG_WARN_CONSTANT_CONVERSION = YES;
				CLANG_WARN_DEPRECATED_OBJC_IMPLEMENTATIONS = YES;
				CLANG_WARN_DIRECT_OBJC_ISA_USAGE = YES_ERROR;
				CLANG_WARN_DOCUMENTATION_COMMENTS = YES;
				CLANG_WARN_EMPTY_BODY = YES;
				CLANG_WARN_ENUM_CONVERSION = YES;
				CLANG_WARN_INFINITE_RECURSION = YES;
				CLANG_WARN_INT_CONVERSION = YES;
				CLANG_WARN_NON_LITERAL_NULL_CONVERSION = YES;
				CLANG_WARN_OBJC_IMPLICIT_RETAIN_SELF = YES;
				CLANG_WARN_OBJC_LITERAL_CONVERSION = YES;
				CLANG_WARN_OBJC_ROOT_CLASS = YES_ERROR;
				CLANG_WARN_RANGE_LOOP_ANALYSIS = YES;
				CLANG_WARN_STRICT_PROTOTYPES = YES;
				CLANG_WARN_SUSPICIOUS_MOVE = YES;
				CLANG_WARN_UNGUARDED_AVAILABILITY = YES_AGGRESSIVE;
				CLANG_WARN_UNREACHABLE_CODE = YES;
				CLANG_WARN__DUPLICATE_METHOD_MATCH = YES;
				COPY_PHASE_STRIP = NO;
				DEBUG_INFORMATION_FORMAT = "dwarf-with-dsym";
				ENABLE_NS_ASSERTIONS = NO;
				ENABLE_STRICT_OBJC_MSGSEND = YES;
				GCC_C_LANGUAGE_STANDARD = gnu11;
				GCC_NO_COMMON_BLOCKS = YES;
				GCC_WARN_64_TO_32_BIT_CONVERSION = YES;
				GCC_WARN_ABOUT_RETURN_TYPE = YES_ERROR;
				GCC_WARN_UNDECLARED_SELECTOR = YES;
				GCC_WARN_UNINITIALIZED_AUTOS = YES_AGGRESSIVE;
				GCC_WARN_UNUSED_FUNCTION = YES;
				GCC_WARN_UNUSED_VARIABLE = YES;
				IPHONEOS_DEPLOYMENT_TARGET = 13.7;
				MTL_ENABLE_DEBUG_INFO = NO;
				MTL_FAST_MATH = YES;
				SDKROOT = iphoneos;
				SWIFT_COMPILATION_MODE = wholemodule;
				SWIFT_OPTIMIZATION_LEVEL = "-O";
				VALIDATE_PRODUCT = YES;
			};
			name = Release;
		};
		CD072276250A88AD00E9B6ED /* Debug */ = {
			isa = XCBuildConfiguration;
			buildSettings = {
				ASSETCATALOG_COMPILER_APPICON_NAME = AppIcon;
				CODE_SIGN_STYLE = Automatic;
				DEVELOPMENT_TEAM = FNTB26538C;
				INFOPLIST_FILE = ejemploMVC/Info.plist;
				LD_RUNPATH_SEARCH_PATHS = (
					"$(inherited)",
					"@executable_path/Frameworks",
				);
				PRODUCT_BUNDLE_IDENTIFIER = com.develogeeks.ejemploMVC;
				PRODUCT_NAME = "$(TARGET_NAME)";
				SWIFT_VERSION = 5.0;
				TARGETED_DEVICE_FAMILY = "1,2";
			};
			name = Debug;
		};
		CD072277250A88AD00E9B6ED /* Release */ = {
			isa = XCBuildConfiguration;
			buildSettings = {
				ASSETCATALOG_COMPILER_APPICON_NAME = AppIcon;
				CODE_SIGN_STYLE = Automatic;
				DEVELOPMENT_TEAM = FNTB26538C;
				INFOPLIST_FILE = ejemploMVC/Info.plist;
				LD_RUNPATH_SEARCH_PATHS = (
					"$(inherited)",
					"@executable_path/Frameworks",
				);
				PRODUCT_BUNDLE_IDENTIFIER = com.develogeeks.ejemploMVC;
				PRODUCT_NAME = "$(TARGET_NAME)";
				SWIFT_VERSION = 5.0;
				TARGETED_DEVICE_FAMILY = "1,2";
			};
			name = Release;
		};
/* End XCBuildConfiguration section */

/* Begin XCConfigurationList section */
		CD07225C250A88A700E9B6ED /* Build configuration list for PBXProject "ejemploMVC" */ = {
			isa = XCConfigurationList;
			buildConfigurations = (
				CD072273250A88AD00E9B6ED /* Debug */,
				CD072274250A88AD00E9B6ED /* Release */,
			);
			defaultConfigurationIsVisible = 0;
			defaultConfigurationName = Release;
		};
		CD072275250A88AD00E9B6ED /* Build configuration list for PBXNativeTarget "ejemploMVC" */ = {
			isa = XCConfigurationList;
			buildConfigurations = (
				CD072276250A88AD00E9B6ED /* Debug */,
				CD072277250A88AD00E9B6ED /* Release */,
			);
			defaultConfigurationIsVisible = 0;
			defaultConfigurationName = Release;
		};
/* End XCConfigurationList section */
	};
	rootObject = CD072259250A88A700E9B6ED /* Project object */;
}
